{
  "name": "@naval/monorepo",
  "version": "1.0.0",
  "lockfileVersion": 2,
  "requires": true,
  "packages": {
    "": {
      "name": "@naval/monorepo",
      "version": "1.0.0",
      "license": "ISC",
      "workspaces": [
        "./common/*"
      ]
    },
    "common/types": {
      "name": "@naval/types",
      "version": "1.0.0",
      "license": "ISC"
    },
    "node_modules/@naval/types": {
      "resolved": "common/types",
      "link": true
    }
  },
  "dependencies": {
    "@naval/types": {
      "version": "file:common/types"
    }
  }
}
